
Microsoft Visual Studio Solution File, Format Version 11.00
# Visual Studio 2010
Project("{F14B399A-7131-4C87-9E4B-1186C45EF12D}") = "SSRS Packages", "Report Project1\SSRS Packages.rptproj", "{63B47944-CAE2-4569-88CA-F7DC2B068611}"
EndProject
Global
	GlobalSection(SolutionConfigurationPlatforms) = preSolution
		Debug|Default = Debug|Default
		DebugLocal|Default = DebugLocal|Default
		Release|Default = Release|Default
	EndGlobalSection
	GlobalSection(ProjectConfigurationPlatforms) = postSolution
		{63B47944-CAE2-4569-88CA-F7DC2B068611}.Debug|Default.ActiveCfg = Debug
		{63B47944-CAE2-4569-88CA-F7DC2B068611}.Debug|Default.Build.0 = DebugLocal
		{63B47944-CAE2-4569-88CA-F7DC2B068611}.Debug|Default.Deploy.0 = DebugLocal
		{63B47944-CAE2-4569-88CA-F7DC2B068611}.DebugLocal|Default.ActiveCfg = DebugLocal
		{63B47944-CAE2-4569-88CA-F7DC2B068611}.DebugLocal|Default.Build.0 = DebugLocal
		{63B47944-CAE2-4569-88CA-F7DC2B068611}.Release|Default.ActiveCfg = Release
		{63B47944-CAE2-4569-88CA-F7DC2B068611}.Release|Default.Build.0 = Release
		{63B47944-CAE2-4569-88CA-F7DC2B068611}.Release|Default.Deploy.0 = Release
	EndGlobalSection
	GlobalSection(SolutionProperties) = preSolution
		HideSolutionNode = FALSE
	EndGlobalSection
EndGlobal
